// !$*UTF8*$!
{
	archiveVersion = 1;
	classes = {
	};
	objectVersion = 56;
	objects = {

/* Begin PBXBuildFile section */
		721B1BF02AC9A7C100F42F5C /* DeviceOrientationViewModifier.swift in Sources */ = {isa = PBXBuildFile; fileRef = 721B1BEF2AC9A7C100F42F5C /* DeviceOrientationViewModifier.swift */; };
		721D29902ABCBE1F002F39F9 /* Colors.swift in Sources */ = {isa = PBXBuildFile; fileRef = 721D298F2ABCBE1F002F39F9 /* Colors.swift */; };
		721D29922AC1B8BC002F39F9 /* AlertBottomSheetView.swift in Sources */ = {isa = PBXBuildFile; fileRef = 721D29912AC1B8BC002F39F9 /* AlertBottomSheetView.swift */; };
		721D29942AC1BAE0002F39F9 /* RoundedCorner.swift in Sources */ = {isa = PBXBuildFile; fileRef = 721D29932AC1BAE0002F39F9 /* RoundedCorner.swift */; };
		721D29962AC1CC90002F39F9 /* ColorModeToggleStyle.swift in Sources */ = {isa = PBXBuildFile; fileRef = 721D29952AC1CC90002F39F9 /* ColorModeToggleStyle.swift */; };
		721D29982AC1F29D002F39F9 /* SettingsButton.swift in Sources */ = {isa = PBXBuildFile; fileRef = 721D29972AC1F29D002F39F9 /* SettingsButton.swift */; };
		721D299A2AC321A0002F39F9 /* View+Extensions.swift in Sources */ = {isa = PBXBuildFile; fileRef = 721D29992AC321A0002F39F9 /* View+Extensions.swift */; };
		721D299C2AC322AB002F39F9 /* Image+Extensions.swift in Sources */ = {isa = PBXBuildFile; fileRef = 721D299B2AC322AB002F39F9 /* Image+Extensions.swift */; };
		722F510A2ABB4AAC0068FC47 /* AppBuilder.swift in Sources */ = {isa = PBXBuildFile; fileRef = 722F51092ABB4AAC0068FC47 /* AppBuilder.swift */; };
		722F51112ABCA2000068FC47 /* SettingsManager.swift in Sources */ = {isa = PBXBuildFile; fileRef = 722F51102ABCA2000068FC47 /* SettingsManager.swift */; };
		724B8D222AD71A910034D5EA /* CryptocurrencyNetworking in Frameworks */ = {isa = PBXBuildFile; productRef = 724B8D212AD71A910034D5EA /* CryptocurrencyNetworking */; };
		72967CE72AC49C5D003B090D /* Localizable.strings in Resources */ = {isa = PBXBuildFile; fileRef = 72967CE92AC49C5D003B090D /* Localizable.strings */; };
		72B9ACDD2AB8AE950010D803 /* String+Extensions.swift in Sources */ = {isa = PBXBuildFile; fileRef = 72B9ACDC2AB8AE950010D803 /* String+Extensions.swift */; };
		72B9ACE02AB8B1CC0010D803 /* Colors.xcassets in Resources */ = {isa = PBXBuildFile; fileRef = 72B9ACDF2AB8B1CC0010D803 /* Colors.xcassets */; };
		72B9ACE32AB8C15D0010D803 /* CalculatorOfflineOperations.swift in Sources */ = {isa = PBXBuildFile; fileRef = 72B9ACE22AB8C15D0010D803 /* CalculatorOfflineOperations.swift */; };
		72B9ACE52AB9C9A50010D803 /* Double+Extensions.swift in Sources */ = {isa = PBXBuildFile; fileRef = 72B9ACE42AB9C9A50010D803 /* Double+Extensions.swift */; };
		72C0AFD32AAA3EA000D50A0A /* CalculatorApp.swift in Sources */ = {isa = PBXBuildFile; fileRef = 72C0AFD22AAA3EA000D50A0A /* CalculatorApp.swift */; };
		72C0AFD52AAA3EA000D50A0A /* CalculatorView.swift in Sources */ = {isa = PBXBuildFile; fileRef = 72C0AFD42AAA3EA000D50A0A /* CalculatorView.swift */; };
		72C0AFD72AAA3EA000D50A0A /* Assets.xcassets in Resources */ = {isa = PBXBuildFile; fileRef = 72C0AFD62AAA3EA000D50A0A /* Assets.xcassets */; };
		72C0AFDB2AAA3EA000D50A0A /* Preview Assets.xcassets in Resources */ = {isa = PBXBuildFile; fileRef = 72C0AFDA2AAA3EA000D50A0A /* Preview Assets.xcassets */; };
		72C0AFE52AAA3EA100D50A0A /* CalculatorViewModelTests.swift in Sources */ = {isa = PBXBuildFile; fileRef = 72C0AFE42AAA3EA100D50A0A /* CalculatorViewModelTests.swift */; };
		72C0AFFE2AAF067B00D50A0A /* CalculatorViewModel.swift in Sources */ = {isa = PBXBuildFile; fileRef = 72C0AFFD2AAF067B00D50A0A /* CalculatorViewModel.swift */; };
		72C0B0002AAF3C1700D50A0A /* CalculatorButton.swift in Sources */ = {isa = PBXBuildFile; fileRef = 72C0AFFF2AAF3C1700D50A0A /* CalculatorButton.swift */; };
		72C0B0022AAF52C300D50A0A /* SettingsView.swift in Sources */ = {isa = PBXBuildFile; fileRef = 72C0B0012AAF52C300D50A0A /* SettingsView.swift */; };
		72C0B0182AB83B3200D50A0A /* InternetMonitorManager.swift in Sources */ = {isa = PBXBuildFile; fileRef = 72C0B0172AB83B3200D50A0A /* InternetMonitorManager.swift */; };
		72DCB6E32AC6D12100F9B719 /* CircleButtonView.swift in Sources */ = {isa = PBXBuildFile; fileRef = 72DCB6E22AC6D12100F9B719 /* CircleButtonView.swift */; };
		72DF6C2B2AC56064003550FF /* Constants.swift in Sources */ = {isa = PBXBuildFile; fileRef = 72DF6C2A2AC56064003550FF /* Constants.swift */; };
		72FBD04A2AC59390003A7E05 /* MockUserDefaults.swift in Sources */ = {isa = PBXBuildFile; fileRef = 72FBD0492AC59390003A7E05 /* MockUserDefaults.swift */; };
		72FBD04C2AC5AAB9003A7E05 /* CryptoConverterAPIClientMock.swift in Sources */ = {isa = PBXBuildFile; fileRef = 72FBD04B2AC5AAB9003A7E05 /* CryptoConverterAPIClientMock.swift */; };
		72FBD04E2AC5AFCD003A7E05 /* InternetMonitorManagerMock.swift in Sources */ = {isa = PBXBuildFile; fileRef = 72FBD04D2AC5AFCD003A7E05 /* InternetMonitorManagerMock.swift */; };
/* End PBXBuildFile section */

/* Begin PBXContainerItemProxy section */
		72C0AFE12AAA3EA100D50A0A /* PBXContainerItemProxy */ = {
			isa = PBXContainerItemProxy;
			containerPortal = 72C0AFC72AAA3EA000D50A0A /* Project object */;
			proxyType = 1;
			remoteGlobalIDString = 72C0AFCE2AAA3EA000D50A0A;
			remoteInfo = Calculator;
		};
/* End PBXContainerItemProxy section */

/* Begin PBXFileReference section */
		721B1BEF2AC9A7C100F42F5C /* DeviceOrientationViewModifier.swift */ = {isa = PBXFileReference; fileEncoding = 4; lastKnownFileType = sourcecode.swift; path = DeviceOrientationViewModifier.swift; sourceTree = "<group>"; };
		721D298F2ABCBE1F002F39F9 /* Colors.swift */ = {isa = PBXFileReference; lastKnownFileType = sourcecode.swift; path = Colors.swift; sourceTree = "<group>"; };
		721D29912AC1B8BC002F39F9 /* AlertBottomSheetView.swift */ = {isa = PBXFileReference; lastKnownFileType = sourcecode.swift; path = AlertBottomSheetView.swift; sourceTree = "<group>"; };
		721D29932AC1BAE0002F39F9 /* RoundedCorner.swift */ = {isa = PBXFileReference; lastKnownFileType = sourcecode.swift; path = RoundedCorner.swift; sourceTree = "<group>"; };
		721D29952AC1CC90002F39F9 /* ColorModeToggleStyle.swift */ = {isa = PBXFileReference; lastKnownFileType = sourcecode.swift; path = ColorModeToggleStyle.swift; sourceTree = "<group>"; };
		721D29972AC1F29D002F39F9 /* SettingsButton.swift */ = {isa = PBXFileReference; lastKnownFileType = sourcecode.swift; path = SettingsButton.swift; sourceTree = "<group>"; };
		721D29992AC321A0002F39F9 /* View+Extensions.swift */ = {isa = PBXFileReference; lastKnownFileType = sourcecode.swift; path = "View+Extensions.swift"; sourceTree = "<group>"; };
		721D299B2AC322AB002F39F9 /* Image+Extensions.swift */ = {isa = PBXFileReference; lastKnownFileType = sourcecode.swift; path = "Image+Extensions.swift"; sourceTree = "<group>"; };
		722F51092ABB4AAC0068FC47 /* AppBuilder.swift */ = {isa = PBXFileReference; lastKnownFileType = sourcecode.swift; path = AppBuilder.swift; sourceTree = "<group>"; };
		722F51102ABCA2000068FC47 /* SettingsManager.swift */ = {isa = PBXFileReference; lastKnownFileType = sourcecode.swift; path = SettingsManager.swift; sourceTree = "<group>"; };
		72967CE82AC49C5D003B090D /* en */ = {isa = PBXFileReference; lastKnownFileType = text.plist.strings; name = en; path = en.lproj/Localizable.strings; sourceTree = "<group>"; };
		72B9ACDC2AB8AE950010D803 /* String+Extensions.swift */ = {isa = PBXFileReference; lastKnownFileType = sourcecode.swift; path = "String+Extensions.swift"; sourceTree = "<group>"; };
		72B9ACDF2AB8B1CC0010D803 /* Colors.xcassets */ = {isa = PBXFileReference; lastKnownFileType = folder.assetcatalog; path = Colors.xcassets; sourceTree = "<group>"; };
		72B9ACE22AB8C15D0010D803 /* CalculatorOfflineOperations.swift */ = {isa = PBXFileReference; lastKnownFileType = sourcecode.swift; path = CalculatorOfflineOperations.swift; sourceTree = "<group>"; };
		72B9ACE42AB9C9A50010D803 /* Double+Extensions.swift */ = {isa = PBXFileReference; lastKnownFileType = sourcecode.swift; path = "Double+Extensions.swift"; sourceTree = "<group>"; };
		72C0AFCF2AAA3EA000D50A0A /* Calculator.app */ = {isa = PBXFileReference; explicitFileType = wrapper.application; includeInIndex = 0; path = Calculator.app; sourceTree = BUILT_PRODUCTS_DIR; };
		72C0AFD22AAA3EA000D50A0A /* CalculatorApp.swift */ = {isa = PBXFileReference; lastKnownFileType = sourcecode.swift; path = CalculatorApp.swift; sourceTree = "<group>"; };
		72C0AFD42AAA3EA000D50A0A /* CalculatorView.swift */ = {isa = PBXFileReference; lastKnownFileType = sourcecode.swift; path = CalculatorView.swift; sourceTree = "<group>"; };
		72C0AFD62AAA3EA000D50A0A /* Assets.xcassets */ = {isa = PBXFileReference; lastKnownFileType = folder.assetcatalog; path = Assets.xcassets; sourceTree = "<group>"; };
		72C0AFD82AAA3EA000D50A0A /* Calculator.entitlements */ = {isa = PBXFileReference; lastKnownFileType = text.plist.entitlements; path = Calculator.entitlements; sourceTree = "<group>"; };
		72C0AFDA2AAA3EA000D50A0A /* Preview Assets.xcassets */ = {isa = PBXFileReference; lastKnownFileType = folder.assetcatalog; path = "Preview Assets.xcassets"; sourceTree = "<group>"; };
		72C0AFE02AAA3EA100D50A0A /* CalculatorTests.xctest */ = {isa = PBXFileReference; explicitFileType = wrapper.cfbundle; includeInIndex = 0; path = CalculatorTests.xctest; sourceTree = BUILT_PRODUCTS_DIR; };
		72C0AFE42AAA3EA100D50A0A /* CalculatorViewModelTests.swift */ = {isa = PBXFileReference; lastKnownFileType = sourcecode.swift; path = CalculatorViewModelTests.swift; sourceTree = "<group>"; };
		72C0AFFD2AAF067B00D50A0A /* CalculatorViewModel.swift */ = {isa = PBXFileReference; lastKnownFileType = sourcecode.swift; path = CalculatorViewModel.swift; sourceTree = "<group>"; };
		72C0AFFF2AAF3C1700D50A0A /* CalculatorButton.swift */ = {isa = PBXFileReference; lastKnownFileType = sourcecode.swift; path = CalculatorButton.swift; sourceTree = "<group>"; };
		72C0B0012AAF52C300D50A0A /* SettingsView.swift */ = {isa = PBXFileReference; lastKnownFileType = sourcecode.swift; path = SettingsView.swift; sourceTree = "<group>"; };
		72C0B0172AB83B3200D50A0A /* InternetMonitorManager.swift */ = {isa = PBXFileReference; lastKnownFileType = sourcecode.swift; path = InternetMonitorManager.swift; sourceTree = "<group>"; };
		72DCB6E22AC6D12100F9B719 /* CircleButtonView.swift */ = {isa = PBXFileReference; lastKnownFileType = sourcecode.swift; path = CircleButtonView.swift; sourceTree = "<group>"; };
		72DF6C2A2AC56064003550FF /* Constants.swift */ = {isa = PBXFileReference; lastKnownFileType = sourcecode.swift; path = Constants.swift; sourceTree = "<group>"; };
		72FBD0482AC59288003A7E05 /* Calculator.xctestplan */ = {isa = PBXFileReference; lastKnownFileType = text; path = Calculator.xctestplan; sourceTree = "<group>"; };
		72FBD0492AC59390003A7E05 /* MockUserDefaults.swift */ = {isa = PBXFileReference; lastKnownFileType = sourcecode.swift; path = MockUserDefaults.swift; sourceTree = "<group>"; };
		72FBD04B2AC5AAB9003A7E05 /* CryptoConverterAPIClientMock.swift */ = {isa = PBXFileReference; lastKnownFileType = sourcecode.swift; path = CryptoConverterAPIClientMock.swift; sourceTree = "<group>"; };
		72FBD04D2AC5AFCD003A7E05 /* InternetMonitorManagerMock.swift */ = {isa = PBXFileReference; lastKnownFileType = sourcecode.swift; path = InternetMonitorManagerMock.swift; sourceTree = "<group>"; };
/* End PBXFileReference section */

/* Begin PBXFrameworksBuildPhase section */
		72C0AFCC2AAA3EA000D50A0A /* Frameworks */ = {
			isa = PBXFrameworksBuildPhase;
			buildActionMask = 2147483647;
			files = (
				724B8D222AD71A910034D5EA /* CryptocurrencyNetworking in Frameworks */,
			);
			runOnlyForDeploymentPostprocessing = 0;
		};
		72C0AFDD2AAA3EA100D50A0A /* Frameworks */ = {
			isa = PBXFrameworksBuildPhase;
			buildActionMask = 2147483647;
			files = (
			);
			runOnlyForDeploymentPostprocessing = 0;
		};
/* End PBXFrameworksBuildPhase section */

/* Begin PBXGroup section */
		7221175A2AC7033F003E1834 /* Helpers */ = {
			isa = PBXGroup;
			children = (
				721B1BEF2AC9A7C100F42F5C /* DeviceOrientationViewModifier.swift */,
				722F51092ABB4AAC0068FC47 /* AppBuilder.swift */,
				72DF6C2A2AC56064003550FF /* Constants.swift */,
			);
			path = Helpers;
			sourceTree = "<group>";
		};
		722F510B2ABC95AF0068FC47 /* Application */ = {
			isa = PBXGroup;
			children = (
				72C0AFD22AAA3EA000D50A0A /* CalculatorApp.swift */,
			);
			path = Application;
			sourceTree = "<group>";
		};
		722F510C2ABC95D10068FC47 /* Settings */ = {
			isa = PBXGroup;
			children = (
				722F51102ABCA2000068FC47 /* SettingsManager.swift */,
				721D29972AC1F29D002F39F9 /* SettingsButton.swift */,
				72C0B0012AAF52C300D50A0A /* SettingsView.swift */,
			);
			path = Settings;
			sourceTree = "<group>";
		};
		722F510D2ABC95DF0068FC47 /* Calculator */ = {
			isa = PBXGroup;
			children = (
				72C0AFFF2AAF3C1700D50A0A /* CalculatorButton.swift */,
				72C0AFD42AAA3EA000D50A0A /* CalculatorView.swift */,
				72C0AFFD2AAF067B00D50A0A /* CalculatorViewModel.swift */,
			);
			path = Calculator;
			sourceTree = "<group>";
		};
		722F510E2ABC95F00068FC47 /* Scenes */ = {
			isa = PBXGroup;
			children = (
				722F510D2ABC95DF0068FC47 /* Calculator */,
				722F510C2ABC95D10068FC47 /* Settings */,
			);
			path = Scenes;
			sourceTree = "<group>";
		};
		722F510F2ABC960F0068FC47 /* Components */ = {
			isa = PBXGroup;
			children = (
				721D29952AC1CC90002F39F9 /* ColorModeToggleStyle.swift */,
				721D29912AC1B8BC002F39F9 /* AlertBottomSheetView.swift */,
				721D29932AC1BAE0002F39F9 /* RoundedCorner.swift */,
				72DCB6E22AC6D12100F9B719 /* CircleButtonView.swift */,
			);
			path = Components;
			sourceTree = "<group>";
		};
		72967CE22AC49911003B090D /* Resources */ = {
			isa = PBXGroup;
			children = (
				72C0AFD62AAA3EA000D50A0A /* Assets.xcassets */,
				72967CE92AC49C5D003B090D /* Localizable.strings */,
				72B9ACDE2AB8B1A90010D803 /* Colors */,
			);
			path = Resources;
			sourceTree = "<group>";
		};
		72B9ACDB2AB8AE780010D803 /* Extensions */ = {
			isa = PBXGroup;
			children = (
				72B9ACDC2AB8AE950010D803 /* String+Extensions.swift */,
				72B9ACE42AB9C9A50010D803 /* Double+Extensions.swift */,
				721D29992AC321A0002F39F9 /* View+Extensions.swift */,
				721D299B2AC322AB002F39F9 /* Image+Extensions.swift */,
			);
			path = Extensions;
			sourceTree = "<group>";
		};
		72B9ACDE2AB8B1A90010D803 /* Colors */ = {
			isa = PBXGroup;
			children = (
				721D298F2ABCBE1F002F39F9 /* Colors.swift */,
				72B9ACDF2AB8B1CC0010D803 /* Colors.xcassets */,
			);
			path = Colors;
			sourceTree = "<group>";
		};
		72B9ACE12AB8C1400010D803 /* Operations */ = {
			isa = PBXGroup;
			children = (
				72B9ACE22AB8C15D0010D803 /* CalculatorOfflineOperations.swift */,
			);
			path = Operations;
			sourceTree = "<group>";
		};
		72C0AFC62AAA3EA000D50A0A = {
			isa = PBXGroup;
			children = (
				72FBD0482AC59288003A7E05 /* Calculator.xctestplan */,
				72C0AFD12AAA3EA000D50A0A /* Calculator */,
				72C0AFE32AAA3EA100D50A0A /* CalculatorTests */,
				72C0AFD02AAA3EA000D50A0A /* Products */,
			);
			sourceTree = "<group>";
		};
		72C0AFD02AAA3EA000D50A0A /* Products */ = {
			isa = PBXGroup;
			children = (
				72C0AFCF2AAA3EA000D50A0A /* Calculator.app */,
				72C0AFE02AAA3EA100D50A0A /* CalculatorTests.xctest */,
			);
			name = Products;
			sourceTree = "<group>";
		};
		72C0AFD12AAA3EA000D50A0A /* Calculator */ = {
			isa = PBXGroup;
			children = (
				722F510B2ABC95AF0068FC47 /* Application */,
				7221175A2AC7033F003E1834 /* Helpers */,
				722F510E2ABC95F00068FC47 /* Scenes */,
				722F510F2ABC960F0068FC47 /* Components */,
				72B9ACE12AB8C1400010D803 /* Operations */,
				72B9ACDB2AB8AE780010D803 /* Extensions */,
				72C0B00C2AB764FA00D50A0A /* Internet */,
				72967CE22AC49911003B090D /* Resources */,
				72C0AFD82AAA3EA000D50A0A /* Calculator.entitlements */,
				72C0AFD92AAA3EA000D50A0A /* Preview Content */,
			);
			path = Calculator;
			sourceTree = "<group>";
		};
		72C0AFD92AAA3EA000D50A0A /* Preview Content */ = {
			isa = PBXGroup;
			children = (
				72C0AFDA2AAA3EA000D50A0A /* Preview Assets.xcassets */,
			);
			path = "Preview Content";
			sourceTree = "<group>";
		};
		72C0AFE32AAA3EA100D50A0A /* CalculatorTests */ = {
			isa = PBXGroup;
			children = (
				72C0AFE42AAA3EA100D50A0A /* CalculatorViewModelTests.swift */,
				72DCB6E12AC5DD1C00F9B719 /* Mocks */,
			);
			path = CalculatorTests;
			sourceTree = "<group>";
		};
		72C0B00C2AB764FA00D50A0A /* Internet */ = {
			isa = PBXGroup;
			children = (
				72C0B0172AB83B3200D50A0A /* InternetMonitorManager.swift */,
			);
			path = Internet;
			sourceTree = "<group>";
		};
		72DCB6E12AC5DD1C00F9B719 /* Mocks */ = {
			isa = PBXGroup;
			children = (
				72FBD0492AC59390003A7E05 /* MockUserDefaults.swift */,
				72FBD04B2AC5AAB9003A7E05 /* CryptoConverterAPIClientMock.swift */,
				72FBD04D2AC5AFCD003A7E05 /* InternetMonitorManagerMock.swift */,
			);
			path = Mocks;
			sourceTree = "<group>";
		};
/* End PBXGroup section */

/* Begin PBXNativeTarget section */
		72C0AFCE2AAA3EA000D50A0A /* Calculator */ = {
			isa = PBXNativeTarget;
			buildConfigurationList = 72C0AFF42AAA3EA100D50A0A /* Build configuration list for PBXNativeTarget "Calculator" */;
			buildPhases = (
				72C0AFCB2AAA3EA000D50A0A /* Sources */,
				72C0AFCC2AAA3EA000D50A0A /* Frameworks */,
				72C0AFCD2AAA3EA000D50A0A /* Resources */,
			);
			buildRules = (
			);
			dependencies = (
			);
			name = Calculator;
			packageProductDependencies = (
				724B8D212AD71A910034D5EA /* CryptocurrencyNetworking */,
			);
			productName = Calculator;
			productReference = 72C0AFCF2AAA3EA000D50A0A /* Calculator.app */;
			productType = "com.apple.product-type.application";
		};
		72C0AFDF2AAA3EA100D50A0A /* CalculatorTests */ = {
			isa = PBXNativeTarget;
			buildConfigurationList = 72C0AFF72AAA3EA100D50A0A /* Build configuration list for PBXNativeTarget "CalculatorTests" */;
			buildPhases = (
				72C0AFDC2AAA3EA100D50A0A /* Sources */,
				72C0AFDD2AAA3EA100D50A0A /* Frameworks */,
				72C0AFDE2AAA3EA100D50A0A /* Resources */,
			);
			buildRules = (
			);
			dependencies = (
				72C0AFE22AAA3EA100D50A0A /* PBXTargetDependency */,
			);
			name = CalculatorTests;
			productName = CalculatorTests;
			productReference = 72C0AFE02AAA3EA100D50A0A /* CalculatorTests.xctest */;
			productType = "com.apple.product-type.bundle.unit-test";
		};
/* End PBXNativeTarget section */

/* Begin PBXProject section */
		72C0AFC72AAA3EA000D50A0A /* Project object */ = {
			isa = PBXProject;
			attributes = {
				BuildIndependentTargetsInParallel = 1;
				LastSwiftUpdateCheck = 1430;
				LastUpgradeCheck = 1430;
				TargetAttributes = {
					72C0AFCE2AAA3EA000D50A0A = {
						CreatedOnToolsVersion = 14.3;
					};
					72C0AFDF2AAA3EA100D50A0A = {
						CreatedOnToolsVersion = 14.3;
						TestTargetID = 72C0AFCE2AAA3EA000D50A0A;
					};
				};
			};
			buildConfigurationList = 72C0AFCA2AAA3EA000D50A0A /* Build configuration list for PBXProject "Calculator" */;
			compatibilityVersion = "Xcode 14.0";
			developmentRegion = en;
			hasScannedForEncodings = 0;
			knownRegions = (
				en,
				Base,
			);
			mainGroup = 72C0AFC62AAA3EA000D50A0A;
			packageReferences = (
				724B8D202AD71A910034D5EA /* XCRemoteSwiftPackageReference "CryptocurrencyNetworking" */,
			);
			productRefGroup = 72C0AFD02AAA3EA000D50A0A /* Products */;
			projectDirPath = "";
			projectRoot = "";
			targets = (
				72C0AFCE2AAA3EA000D50A0A /* Calculator */,
				72C0AFDF2AAA3EA100D50A0A /* CalculatorTests */,
			);
		};
/* End PBXProject section */

/* Begin PBXResourcesBuildPhase section */
		72C0AFCD2AAA3EA000D50A0A /* Resources */ = {
			isa = PBXResourcesBuildPhase;
			buildActionMask = 2147483647;
			files = (
				72B9ACE02AB8B1CC0010D803 /* Colors.xcassets in Resources */,
				72967CE72AC49C5D003B090D /* Localizable.strings in Resources */,
				72C0AFDB2AAA3EA000D50A0A /* Preview Assets.xcassets in Resources */,
				72C0AFD72AAA3EA000D50A0A /* Assets.xcassets in Resources */,
			);
			runOnlyForDeploymentPostprocessing = 0;
		};
		72C0AFDE2AAA3EA100D50A0A /* Resources */ = {
			isa = PBXResourcesBuildPhase;
			buildActionMask = 2147483647;
			files = (
			);
			runOnlyForDeploymentPostprocessing = 0;
		};
/* End PBXResourcesBuildPhase section */

/* Begin PBXSourcesBuildPhase section */
		72C0AFCB2AAA3EA000D50A0A /* Sources */ = {
			isa = PBXSourcesBuildPhase;
			buildActionMask = 2147483647;
			files = (
				72C0B0022AAF52C300D50A0A /* SettingsView.swift in Sources */,
				721D29982AC1F29D002F39F9 /* SettingsButton.swift in Sources */,
				721D299A2AC321A0002F39F9 /* View+Extensions.swift in Sources */,
				721D29902ABCBE1F002F39F9 /* Colors.swift in Sources */,
				721D29962AC1CC90002F39F9 /* ColorModeToggleStyle.swift in Sources */,
				721D29922AC1B8BC002F39F9 /* AlertBottomSheetView.swift in Sources */,
				72B9ACE32AB8C15D0010D803 /* CalculatorOfflineOperations.swift in Sources */,
				72C0AFD52AAA3EA000D50A0A /* CalculatorView.swift in Sources */,
				72C0AFFE2AAF067B00D50A0A /* CalculatorViewModel.swift in Sources */,
				721B1BF02AC9A7C100F42F5C /* DeviceOrientationViewModifier.swift in Sources */,
				722F510A2ABB4AAC0068FC47 /* AppBuilder.swift in Sources */,
				72C0B0002AAF3C1700D50A0A /* CalculatorButton.swift in Sources */,
				722F51112ABCA2000068FC47 /* SettingsManager.swift in Sources */,
				721D29942AC1BAE0002F39F9 /* RoundedCorner.swift in Sources */,
				72B9ACE52AB9C9A50010D803 /* Double+Extensions.swift in Sources */,
				72DCB6E32AC6D12100F9B719 /* CircleButtonView.swift in Sources */,
				72C0AFD32AAA3EA000D50A0A /* CalculatorApp.swift in Sources */,
				72C0B0182AB83B3200D50A0A /* InternetMonitorManager.swift in Sources */,
				72B9ACDD2AB8AE950010D803 /* String+Extensions.swift in Sources */,
				721D299C2AC322AB002F39F9 /* Image+Extensions.swift in Sources */,
				72DF6C2B2AC56064003550FF /* Constants.swift in Sources */,
			);
			runOnlyForDeploymentPostprocessing = 0;
		};
		72C0AFDC2AAA3EA100D50A0A /* Sources */ = {
			isa = PBXSourcesBuildPhase;
			buildActionMask = 2147483647;
			files = (
				72FBD04A2AC59390003A7E05 /* MockUserDefaults.swift in Sources */,
				72C0AFE52AAA3EA100D50A0A /* CalculatorViewModelTests.swift in Sources */,
				72FBD04C2AC5AAB9003A7E05 /* CryptoConverterAPIClientMock.swift in Sources */,
				72FBD04E2AC5AFCD003A7E05 /* InternetMonitorManagerMock.swift in Sources */,
			);
			runOnlyForDeploymentPostprocessing = 0;
		};
/* End PBXSourcesBuildPhase section */

/* Begin PBXTargetDependency section */
		72C0AFE22AAA3EA100D50A0A /* PBXTargetDependency */ = {
			isa = PBXTargetDependency;
			target = 72C0AFCE2AAA3EA000D50A0A /* Calculator */;
			targetProxy = 72C0AFE12AAA3EA100D50A0A /* PBXContainerItemProxy */;
		};
/* End PBXTargetDependency section */

/* Begin PBXVariantGroup section */
		72967CE92AC49C5D003B090D /* Localizable.strings */ = {
			isa = PBXVariantGroup;
			children = (
				72967CE82AC49C5D003B090D /* en */,
			);
			name = Localizable.strings;
			sourceTree = "<group>";
		};
/* End PBXVariantGroup section */

/* Begin XCBuildConfiguration section */
		72C0AFF22AAA3EA100D50A0A /* Debug */ = {
			isa = XCBuildConfiguration;
			buildSettings = {
				ALWAYS_SEARCH_USER_PATHS = NO;
				CLANG_ANALYZER_NONNULL = YES;
				CLANG_ANALYZER_NUMBER_OBJECT_CONVERSION = YES_AGGRESSIVE;
				CLANG_CXX_LANGUAGE_STANDARD = "gnu++20";
				CLANG_ENABLE_MODULES = YES;
				CLANG_ENABLE_OBJC_ARC = YES;
				CLANG_ENABLE_OBJC_WEAK = YES;
				CLANG_WARN_BLOCK_CAPTURE_AUTORELEASING = YES;
				CLANG_WARN_BOOL_CONVERSION = YES;
				CLANG_WARN_COMMA = YES;
				CLANG_WARN_CONSTANT_CONVERSION = YES;
				CLANG_WARN_DEPRECATED_OBJC_IMPLEMENTATIONS = YES;
				CLANG_WARN_DIRECT_OBJC_ISA_USAGE = YES_ERROR;
				CLANG_WARN_DOCUMENTATION_COMMENTS = YES;
				CLANG_WARN_EMPTY_BODY = YES;
				CLANG_WARN_ENUM_CONVERSION = YES;
				CLANG_WARN_INFINITE_RECURSION = YES;
				CLANG_WARN_INT_CONVERSION = YES;
				CLANG_WARN_NON_LITERAL_NULL_CONVERSION = YES;
				CLANG_WARN_OBJC_IMPLICIT_RETAIN_SELF = YES;
				CLANG_WARN_OBJC_LITERAL_CONVERSION = YES;
				CLANG_WARN_OBJC_ROOT_CLASS = YES_ERROR;
				CLANG_WARN_QUOTED_INCLUDE_IN_FRAMEWORK_HEADER = YES;
				CLANG_WARN_RANGE_LOOP_ANALYSIS = YES;
				CLANG_WARN_STRICT_PROTOTYPES = YES;
				CLANG_WARN_SUSPICIOUS_MOVE = YES;
				CLANG_WARN_UNGUARDED_AVAILABILITY = YES_AGGRESSIVE;
				CLANG_WARN_UNREACHABLE_CODE = YES;
				CLANG_WARN__DUPLICATE_METHOD_MATCH = YES;
				COPY_PHASE_STRIP = NO;
				DEBUG_INFORMATION_FORMAT = dwarf;
				ENABLE_STRICT_OBJC_MSGSEND = YES;
				ENABLE_TESTABILITY = YES;
				GCC_C_LANGUAGE_STANDARD = gnu11;
				GCC_DYNAMIC_NO_PIC = NO;
				GCC_NO_COMMON_BLOCKS = YES;
				GCC_OPTIMIZATION_LEVEL = 0;
				GCC_PREPROCESSOR_DEFINITIONS = (
					"DEBUG=1",
					"$(inherited)",
				);
				GCC_WARN_64_TO_32_BIT_CONVERSION = YES;
				GCC_WARN_ABOUT_RETURN_TYPE = YES_ERROR;
				GCC_WARN_UNDECLARED_SELECTOR = YES;
				GCC_WARN_UNINITIALIZED_AUTOS = YES_AGGRESSIVE;
				GCC_WARN_UNUSED_FUNCTION = YES;
				GCC_WARN_UNUSED_VARIABLE = YES;
				MTL_ENABLE_DEBUG_INFO = INCLUDE_SOURCE;
				MTL_FAST_MATH = YES;
				ONLY_ACTIVE_ARCH = YES;
				SWIFT_ACTIVE_COMPILATION_CONDITIONS = DEBUG;
				SWIFT_OPTIMIZATION_LEVEL = "-Onone";
			};
			name = Debug;
		};
		72C0AFF32AAA3EA100D50A0A /* Release */ = {
			isa = XCBuildConfiguration;
			buildSettings = {
				ALWAYS_SEARCH_USER_PATHS = NO;
				CLANG_ANALYZER_NONNULL = YES;
				CLANG_ANALYZER_NUMBER_OBJECT_CONVERSION = YES_AGGRESSIVE;
				CLANG_CXX_LANGUAGE_STANDARD = "gnu++20";
				CLANG_ENABLE_MODULES = YES;
				CLANG_ENABLE_OBJC_ARC = YES;
				CLANG_ENABLE_OBJC_WEAK = YES;
				CLANG_WARN_BLOCK_CAPTURE_AUTORELEASING = YES;
				CLANG_WARN_BOOL_CONVERSION = YES;
				CLANG_WARN_COMMA = YES;
				CLANG_WARN_CONSTANT_CONVERSION = YES;
				CLANG_WARN_DEPRECATED_OBJC_IMPLEMENTATIONS = YES;
				CLANG_WARN_DIRECT_OBJC_ISA_USAGE = YES_ERROR;
				CLANG_WARN_DOCUMENTATION_COMMENTS = YES;
				CLANG_WARN_EMPTY_BODY = YES;
				CLANG_WARN_ENUM_CONVERSION = YES;
				CLANG_WARN_INFINITE_RECURSION = YES;
				CLANG_WARN_INT_CONVERSION = YES;
				CLANG_WARN_NON_LITERAL_NULL_CONVERSION = YES;
				CLANG_WARN_OBJC_IMPLICIT_RETAIN_SELF = YES;
				CLANG_WARN_OBJC_LITERAL_CONVERSION = YES;
				CLANG_WARN_OBJC_ROOT_CLASS = YES_ERROR;
				CLANG_WARN_QUOTED_INCLUDE_IN_FRAMEWORK_HEADER = YES;
				CLANG_WARN_RANGE_LOOP_ANALYSIS = YES;
				CLANG_WARN_STRICT_PROTOTYPES = YES;
				CLANG_WARN_SUSPICIOUS_MOVE = YES;
				CLANG_WARN_UNGUARDED_AVAILABILITY = YES_AGGRESSIVE;
				CLANG_WARN_UNREACHABLE_CODE = YES;
				CLANG_WARN__DUPLICATE_METHOD_MATCH = YES;
				COPY_PHASE_STRIP = NO;
				DEBUG_INFORMATION_FORMAT = "dwarf-with-dsym";
				ENABLE_NS_ASSERTIONS = NO;
				ENABLE_STRICT_OBJC_MSGSEND = YES;
				GCC_C_LANGUAGE_STANDARD = gnu11;
				GCC_NO_COMMON_BLOCKS = YES;
				GCC_WARN_64_TO_32_BIT_CONVERSION = YES;
				GCC_WARN_ABOUT_RETURN_TYPE = YES_ERROR;
				GCC_WARN_UNDECLARED_SELECTOR = YES;
				GCC_WARN_UNINITIALIZED_AUTOS = YES_AGGRESSIVE;
				GCC_WARN_UNUSED_FUNCTION = YES;
				GCC_WARN_UNUSED_VARIABLE = YES;
				MTL_ENABLE_DEBUG_INFO = NO;
				MTL_FAST_MATH = YES;
				SWIFT_COMPILATION_MODE = wholemodule;
				SWIFT_OPTIMIZATION_LEVEL = "-O";
			};
			name = Release;
		};
		72C0AFF52AAA3EA100D50A0A /* Debug */ = {
			isa = XCBuildConfiguration;
			buildSettings = {
				ASSETCATALOG_COMPILER_APPICON_NAME = AppIcon;
				ASSETCATALOG_COMPILER_GLOBAL_ACCENT_COLOR_NAME = AccentColor;
				CODE_SIGN_ENTITLEMENTS = Calculator/Calculator.entitlements;
				CODE_SIGN_STYLE = Automatic;
				CURRENT_PROJECT_VERSION = 1;
				DEVELOPMENT_ASSET_PATHS = "\"Calculator/Preview Content\"";
				DEVELOPMENT_TEAM = 7778V2PTFC;
				ENABLE_PREVIEWS = YES;
				GENERATE_INFOPLIST_FILE = YES;
				"INFOPLIST_KEY_UIApplicationSceneManifest_Generation[sdk=iphoneos*]" = YES;
				"INFOPLIST_KEY_UIApplicationSceneManifest_Generation[sdk=iphonesimulator*]" = YES;
				"INFOPLIST_KEY_UIApplicationSupportsIndirectInputEvents[sdk=iphoneos*]" = YES;
				"INFOPLIST_KEY_UIApplicationSupportsIndirectInputEvents[sdk=iphonesimulator*]" = YES;
				"INFOPLIST_KEY_UILaunchScreen_Generation[sdk=iphoneos*]" = YES;
				"INFOPLIST_KEY_UILaunchScreen_Generation[sdk=iphonesimulator*]" = YES;
				"INFOPLIST_KEY_UIStatusBarStyle[sdk=iphoneos*]" = UIStatusBarStyleDefault;
				"INFOPLIST_KEY_UIStatusBarStyle[sdk=iphonesimulator*]" = UIStatusBarStyleDefault;
				INFOPLIST_KEY_UISupportedInterfaceOrientations = "UIInterfaceOrientationLandscapeLeft UIInterfaceOrientationLandscapeRight UIInterfaceOrientationPortrait";
				INFOPLIST_KEY_UISupportedInterfaceOrientations_iPad = "UIInterfaceOrientationLandscapeLeft UIInterfaceOrientationLandscapeRight UIInterfaceOrientationPortrait UIInterfaceOrientationPortraitUpsideDown";
				IPHONEOS_DEPLOYMENT_TARGET = 15.0;
				LD_RUNPATH_SEARCH_PATHS = "@executable_path/Frameworks";
				"LD_RUNPATH_SEARCH_PATHS[sdk=macosx*]" = "@executable_path/../Frameworks";
				MACOSX_DEPLOYMENT_TARGET = 13.3;
				MARKETING_VERSION = 1.0;
				PRODUCT_BUNDLE_IDENTIFIER = com.codingapp.Calculator;
				PRODUCT_NAME = "$(TARGET_NAME)";
				SDKROOT = auto;
				SUPPORTED_PLATFORMS = "iphoneos iphonesimulator";
				SUPPORTS_MACCATALYST = NO;
				SUPPORTS_MAC_DESIGNED_FOR_IPHONE_IPAD = NO;
				SWIFT_EMIT_LOC_STRINGS = YES;
				SWIFT_VERSION = 5.0;
				TARGETED_DEVICE_FAMILY = "1,2";
			};
			name = Debug;
		};
		72C0AFF62AAA3EA100D50A0A /* Release */ = {
			isa = XCBuildConfiguration;
			buildSettings = {
				ASSETCATALOG_COMPILER_APPICON_NAME = AppIcon;
				ASSETCATALOG_COMPILER_GLOBAL_ACCENT_COLOR_NAME = AccentColor;
				CODE_SIGN_ENTITLEMENTS = Calculator/Calculator.entitlements;
				CODE_SIGN_STYLE = Automatic;
				CURRENT_PROJECT_VERSION = 1;
				DEVELOPMENT_ASSET_PATHS = "\"Calculator/Preview Content\"";
				DEVELOPMENT_TEAM = 7778V2PTFC;
				ENABLE_PREVIEWS = YES;
				GENERATE_INFOPLIST_FILE = YES;
				"INFOPLIST_KEY_UIApplicationSceneManifest_Generation[sdk=iphoneos*]" = YES;
				"INFOPLIST_KEY_UIApplicationSceneManifest_Generation[sdk=iphonesimulator*]" = YES;
				"INFOPLIST_KEY_UIApplicationSupportsIndirectInputEvents[sdk=iphoneos*]" = YES;
				"INFOPLIST_KEY_UIApplicationSupportsIndirectInputEvents[sdk=iphonesimulator*]" = YES;
				"INFOPLIST_KEY_UILaunchScreen_Generation[sdk=iphoneos*]" = YES;
				"INFOPLIST_KEY_UILaunchScreen_Generation[sdk=iphonesimulator*]" = YES;
				"INFOPLIST_KEY_UIStatusBarStyle[sdk=iphoneos*]" = UIStatusBarStyleDefault;
				"INFOPLIST_KEY_UIStatusBarStyle[sdk=iphonesimulator*]" = UIStatusBarStyleDefault;
				INFOPLIST_KEY_UISupportedInterfaceOrientations = "UIInterfaceOrientationLandscapeLeft UIInterfaceOrientationLandscapeRight UIInterfaceOrientationPortrait";
				INFOPLIST_KEY_UISupportedInterfaceOrientations_iPad = "UIInterfaceOrientationLandscapeLeft UIInterfaceOrientationLandscapeRight UIInterfaceOrientationPortrait UIInterfaceOrientationPortraitUpsideDown";
				IPHONEOS_DEPLOYMENT_TARGET = 15.0;
				LD_RUNPATH_SEARCH_PATHS = "@executable_path/Frameworks";
				"LD_RUNPATH_SEARCH_PATHS[sdk=macosx*]" = "@executable_path/../Frameworks";
				MACOSX_DEPLOYMENT_TARGET = 13.3;
				MARKETING_VERSION = 1.0;
				PRODUCT_BUNDLE_IDENTIFIER = com.codingapp.Calculator;
				PRODUCT_NAME = "$(TARGET_NAME)";
				SDKROOT = auto;
				SUPPORTED_PLATFORMS = "iphoneos iphonesimulator";
				SUPPORTS_MACCATALYST = NO;
				SUPPORTS_MAC_DESIGNED_FOR_IPHONE_IPAD = NO;
				SWIFT_EMIT_LOC_STRINGS = YES;
				SWIFT_VERSION = 5.0;
				TARGETED_DEVICE_FAMILY = "1,2";
			};
			name = Release;
		};
		72C0AFF82AAA3EA100D50A0A /* Debug */ = {
			isa = XCBuildConfiguration;
			buildSettings = {
				ALWAYS_EMBED_SWIFT_STANDARD_LIBRARIES = YES;
				BUNDLE_LOADER = "$(TEST_HOST)";
				CODE_SIGN_STYLE = Automatic;
				CURRENT_PROJECT_VERSION = 1;
				DEVELOPMENT_TEAM = 7778V2PTFC;
				GENERATE_INFOPLIST_FILE = YES;
				IPHONEOS_DEPLOYMENT_TARGET = 16.4;
				MACOSX_DEPLOYMENT_TARGET = 13.3;
				MARKETING_VERSION = 1.0;
				PRODUCT_BUNDLE_IDENTIFIER = com.codingapp.CalculatorTests;
				PRODUCT_NAME = "$(TARGET_NAME)";
				SDKROOT = auto;
				SUPPORTED_PLATFORMS = "iphoneos iphonesimulator macosx";
				SWIFT_EMIT_LOC_STRINGS = NO;
				SWIFT_VERSION = 5.0;
				TARGETED_DEVICE_FAMILY = "1,2";
				TEST_HOST = "$(BUILT_PRODUCTS_DIR)/Calculator.app/$(BUNDLE_EXECUTABLE_FOLDER_PATH)/Calculator";
			};
			name = Debug;
		};
		72C0AFF92AAA3EA100D50A0A /* Release */ = {
			isa = XCBuildConfiguration;
			buildSettings = {
				ALWAYS_EMBED_SWIFT_STANDARD_LIBRARIES = YES;
				BUNDLE_LOADER = "$(TEST_HOST)";
				CODE_SIGN_STYLE = Automatic;
				CURRENT_PROJECT_VERSION = 1;
				DEVELOPMENT_TEAM = 7778V2PTFC;
				GENERATE_INFOPLIST_FILE = YES;
				IPHONEOS_DEPLOYMENT_TARGET = 16.4;
				MACOSX_DEPLOYMENT_TARGET = 13.3;
				MARKETING_VERSION = 1.0;
				PRODUCT_BUNDLE_IDENTIFIER = com.codingapp.CalculatorTests;
				PRODUCT_NAME = "$(TARGET_NAME)";
				SDKROOT = auto;
				SUPPORTED_PLATFORMS = "iphoneos iphonesimulator macosx";
				SWIFT_EMIT_LOC_STRINGS = NO;
				SWIFT_VERSION = 5.0;
				TARGETED_DEVICE_FAMILY = "1,2";
				TEST_HOST = "$(BUILT_PRODUCTS_DIR)/Calculator.app/$(BUNDLE_EXECUTABLE_FOLDER_PATH)/Calculator";
			};
			name = Release;
		};
/* End XCBuildConfiguration section */

/* Begin XCConfigurationList section */
		72C0AFCA2AAA3EA000D50A0A /* Build configuration list for PBXProject "Calculator" */ = {
			isa = XCConfigurationList;
			buildConfigurations = (
				72C0AFF22AAA3EA100D50A0A /* Debug */,
				72C0AFF32AAA3EA100D50A0A /* Release */,
			);
			defaultConfigurationIsVisible = 0;
			defaultConfigurationName = Release;
		};
		72C0AFF42AAA3EA100D50A0A /* Build configuration list for PBXNativeTarget "Calculator" */ = {
			isa = XCConfigurationList;
			buildConfigurations = (
				72C0AFF52AAA3EA100D50A0A /* Debug */,
				72C0AFF62AAA3EA100D50A0A /* Release */,
			);
			defaultConfigurationIsVisible = 0;
			defaultConfigurationName = Release;
		};
		72C0AFF72AAA3EA100D50A0A /* Build configuration list for PBXNativeTarget "CalculatorTests" */ = {
			isa = XCConfigurationList;
			buildConfigurations = (
				72C0AFF82AAA3EA100D50A0A /* Debug */,
				72C0AFF92AAA3EA100D50A0A /* Release */,
			);
			defaultConfigurationIsVisible = 0;
			defaultConfigurationName = Release;
		};
/* End XCConfigurationList section */

/* Begin XCRemoteSwiftPackageReference section */
		724B8D202AD71A910034D5EA /* XCRemoteSwiftPackageReference "CryptocurrencyNetworking" */ = {
			isa = XCRemoteSwiftPackageReference;
			repositoryURL = "https://github.com/IngaSeagull/CryptocurrencyNetworking.git";
			requirement = {
				branch = main;
				kind = branch;
			};
		};
/* End XCRemoteSwiftPackageReference section */

/* Begin XCSwiftPackageProductDependency section */
		724B8D212AD71A910034D5EA /* CryptocurrencyNetworking */ = {
			isa = XCSwiftPackageProductDependency;
			package = 724B8D202AD71A910034D5EA /* XCRemoteSwiftPackageReference "CryptocurrencyNetworking" */;
			productName = CryptocurrencyNetworking;
		};
/* End XCSwiftPackageProductDependency section */
	};
	rootObject = 72C0AFC72AAA3EA000D50A0A /* Project object */;
}
